
Microsoft Visual Studio Solution File, Format Version 12.00
# Visual Studio Version 17
VisualStudioVersion = 17.13.35919.96 d17.13
MinimumVisualStudioVersion = 10.0.40219.1
Project("{FAE04EC0-301F-11D3-BF4B-00C04F79EFBC}") = "RegressionTesting", "RegressionTesting\RegressionTesting.csproj", "{94C192E0-1341-4A82-86EE-DA618D30DE56}"
EndProject
Project("{FAE04EC0-301F-11D3-BF4B-00C04F79EFBC}") = "Commantary", "Commantary\Commantary.csproj", "{ADC8DA75-8D9B-45AF-B49C-F9861BEADAB2}"
EndProject
Global
	GlobalSection(SolutionConfigurationPlatforms) = preSolution
		Debug|Any CPU = Debug|Any CPU
		Release|Any CPU = Release|Any CPU
	EndGlobalSection
	GlobalSection(ProjectConfigurationPlatforms) = postSolution
		{94C192E0-1341-4A82-86EE-DA618D30DE56}.Debug|Any CPU.ActiveCfg = Debug|Any CPU
		{94C192E0-1341-4A82-86EE-DA618D30DE56}.Debug|Any CPU.Build.0 = Debug|Any CPU
		{94C192E0-1341-4A82-86EE-DA618D30DE56}.Release|Any CPU.ActiveCfg = Release|Any CPU
		{94C192E0-1341-4A82-86EE-DA618D30DE56}.Release|Any CPU.Build.0 = Release|Any CPU
		{ADC8DA75-8D9B-45AF-B49C-F9861BEADAB2}.Debug|Any CPU.ActiveCfg = Debug|Any CPU
		{ADC8DA75-8D9B-45AF-B49C-F9861BEADAB2}.Debug|Any CPU.Build.0 = Debug|Any CPU
		{ADC8DA75-8D9B-45AF-B49C-F9861BEADAB2}.Release|Any CPU.ActiveCfg = Release|Any CPU
		{ADC8DA75-8D9B-45AF-B49C-F9861BEADAB2}.Release|Any CPU.Build.0 = Release|Any CPU
	EndGlobalSection
	GlobalSection(SolutionProperties) = preSolution
		HideSolutionNode = FALSE
	EndGlobalSection
	GlobalSection(ExtensibilityGlobals) = postSolution
		SolutionGuid = {08F2FF49-61F9-4D00-931D-C224623ADEAA}
	EndGlobalSection
EndGlobal
