
Microsoft Visual Studio Solution File, Format Version 12.00
# Visual Studio Version 17
VisualStudioVersion = 17.9.34701.34
MinimumVisualStudioVersion = 10.0.40219.1
Project("{FAE04EC0-301F-11D3-BF4B-00C04F79EFBC}") = "SimpleMVP", "SimpleMVP.csproj", "{A9CC9B9F-0A2B-4A78-B1B1-C73928711F82}"
EndProject
Global
	GlobalSection(SolutionConfigurationPlatforms) = preSolution
		Debug|Any CPU = Debug|Any CPU
		Release|Any CPU = Release|Any CPU
	EndGlobalSection
	GlobalSection(ProjectConfigurationPlatforms) = postSolution
		{A9CC9B9F-0A2B-4A78-B1B1-C73928711F82}.Debug|Any CPU.ActiveCfg = Debug|Any CPU
		{A9CC9B9F-0A2B-4A78-B1B1-C73928711F82}.Debug|Any CPU.Build.0 = Debug|Any CPU
		{A9CC9B9F-0A2B-4A78-B1B1-C73928711F82}.Release|Any CPU.ActiveCfg = Release|Any CPU
		{A9CC9B9F-0A2B-4A78-B1B1-C73928711F82}.Release|Any CPU.Build.0 = Release|Any CPU
	EndGlobalSection
	GlobalSection(SolutionProperties) = preSolution
		HideSolutionNode = FALSE
	EndGlobalSection
	GlobalSection(ExtensibilityGlobals) = postSolution
		SolutionGuid = {479910FE-CD55-4300-9C7E-921FE83EB10B}
	EndGlobalSection
EndGlobal
