
Microsoft Visual Studio Solution File, Format Version 12.00
# Visual Studio Version 17
VisualStudioVersion = 17.9.34701.34
MinimumVisualStudioVersion = 10.0.40219.1
Project("{FAE04EC0-301F-11D3-BF4B-00C04F79EFBC}") = "Inheritance", "Inheritance.csproj", "{AC7DFB6B-0F80-496F-BF74-457B91BFDA2A}"
EndProject
Global
	GlobalSection(SolutionConfigurationPlatforms) = preSolution
		Debug|Any CPU = Debug|Any CPU
		Release|Any CPU = Release|Any CPU
	EndGlobalSection
	GlobalSection(ProjectConfigurationPlatforms) = postSolution
		{AC7DFB6B-0F80-496F-BF74-457B91BFDA2A}.Debug|Any CPU.ActiveCfg = Debug|Any CPU
		{AC7DFB6B-0F80-496F-BF74-457B91BFDA2A}.Debug|Any CPU.Build.0 = Debug|Any CPU
		{AC7DFB6B-0F80-496F-BF74-457B91BFDA2A}.Release|Any CPU.ActiveCfg = Release|Any CPU
		{AC7DFB6B-0F80-496F-BF74-457B91BFDA2A}.Release|Any CPU.Build.0 = Release|Any CPU
	EndGlobalSection
	GlobalSection(SolutionProperties) = preSolution
		HideSolutionNode = FALSE
	EndGlobalSection
	GlobalSection(ExtensibilityGlobals) = postSolution
		SolutionGuid = {51C24615-9C9E-4330-BED5-5B4BD33F32A8}
	EndGlobalSection
EndGlobal
