
Microsoft Visual Studio Solution File, Format Version 12.00
# Visual Studio Version 17
VisualStudioVersion = 17.13.35818.85 d17.13
MinimumVisualStudioVersion = 10.0.40219.1
Project("{FAE04EC0-301F-11D3-BF4B-00C04F79EFBC}") = "TreeView", "TreeView.csproj", "{552915C5-70AB-4707-93FB-8919D723DA2D}"
EndProject
Global
	GlobalSection(SolutionConfigurationPlatforms) = preSolution
		Debug|Any CPU = Debug|Any CPU
		Release|Any CPU = Release|Any CPU
	EndGlobalSection
	GlobalSection(ProjectConfigurationPlatforms) = postSolution
		{552915C5-70AB-4707-93FB-8919D723DA2D}.Debug|Any CPU.ActiveCfg = Debug|Any CPU
		{552915C5-70AB-4707-93FB-8919D723DA2D}.Debug|Any CPU.Build.0 = Debug|Any CPU
		{552915C5-70AB-4707-93FB-8919D723DA2D}.Release|Any CPU.ActiveCfg = Release|Any CPU
		{552915C5-70AB-4707-93FB-8919D723DA2D}.Release|Any CPU.Build.0 = Release|Any CPU
	EndGlobalSection
	GlobalSection(SolutionProperties) = preSolution
		HideSolutionNode = FALSE
	EndGlobalSection
	GlobalSection(ExtensibilityGlobals) = postSolution
		SolutionGuid = {29F5AD07-C878-4753-B03E-07A2B96672F8}
	EndGlobalSection
EndGlobal
